// !$*UTF8*$!
{
	archiveVersion = 1;
	classes = {
	};
	objectVersion = 56;
	objects = {

/* Begin PBXBuildFile section */
		C41BB3E22A44ADF70068E7AF /* ProfilePhotoSelectorView.swift in Sources */ = {isa = PBXBuildFile; fileRef = C41BB3E12A44ADF70068E7AF /* ProfilePhotoSelectorView.swift */; };
		C44C3F332A43339300CFF34D /* LoginView.swift in Sources */ = {isa = PBXBuildFile; fileRef = C44C3F322A43339300CFF34D /* LoginView.swift */; };
		C44C3F352A4333A700CFF34D /* RegistrationView.swift in Sources */ = {isa = PBXBuildFile; fileRef = C44C3F342A4333A700CFF34D /* RegistrationView.swift */; };
		C44C3F372A43359600CFF34D /* RoundedShape.swift in Sources */ = {isa = PBXBuildFile; fileRef = C44C3F362A43359600CFF34D /* RoundedShape.swift */; };
		C44C3F392A433D8300CFF34D /* CustomInputField.swift in Sources */ = {isa = PBXBuildFile; fileRef = C44C3F382A433D8300CFF34D /* CustomInputField.swift */; };
		C44C3F3C2A433FE500CFF34D /* AuthenticationHeaderView.swift in Sources */ = {isa = PBXBuildFile; fileRef = C44C3F3B2A433FE500CFF34D /* AuthenticationHeaderView.swift */; };
		C44C3F3E2A43484D00CFF34D /* GoogleService-Info.plist in Resources */ = {isa = PBXBuildFile; fileRef = C44C3F3D2A43484D00CFF34D /* GoogleService-Info.plist */; };
		C44C3F412A434ADB00CFF34D /* FirebaseAuth in Frameworks */ = {isa = PBXBuildFile; productRef = C44C3F402A434ADB00CFF34D /* FirebaseAuth */; };
		C44C3F432A434ADB00CFF34D /* FirebaseFirestore in Frameworks */ = {isa = PBXBuildFile; productRef = C44C3F422A434ADB00CFF34D /* FirebaseFirestore */; };
		C44C3F452A434ADB00CFF34D /* FirebaseFirestoreSwift in Frameworks */ = {isa = PBXBuildFile; productRef = C44C3F442A434ADB00CFF34D /* FirebaseFirestoreSwift */; };
		C44C3F472A434ADB00CFF34D /* FirebaseStorage in Frameworks */ = {isa = PBXBuildFile; productRef = C44C3F462A434ADB00CFF34D /* FirebaseStorage */; };
		C44C3F492A434CDF00CFF34D /* AuthViewModel.swift in Sources */ = {isa = PBXBuildFile; fileRef = C44C3F482A434CDF00CFF34D /* AuthViewModel.swift */; };
		C47F283F2A489F14004EC2AD /* ImagePicker.swift in Sources */ = {isa = PBXBuildFile; fileRef = C47F283E2A489F14004EC2AD /* ImagePicker.swift */; };
		C47F28412A48AF85004EC2AD /* ImageUploader.swift in Sources */ = {isa = PBXBuildFile; fileRef = C47F28402A48AF85004EC2AD /* ImageUploader.swift */; };
		C48E73912A3F2CE4008C26E6 /* Twitter_IOSApp.swift in Sources */ = {isa = PBXBuildFile; fileRef = C48E73902A3F2CE4008C26E6 /* Twitter_IOSApp.swift */; };
		C48E73932A3F2CE4008C26E6 /* ContentView.swift in Sources */ = {isa = PBXBuildFile; fileRef = C48E73922A3F2CE4008C26E6 /* ContentView.swift */; };
		C48E73952A3F2CE5008C26E6 /* Assets.xcassets in Resources */ = {isa = PBXBuildFile; fileRef = C48E73942A3F2CE5008C26E6 /* Assets.xcassets */; };
		C48E73992A3F2CE5008C26E6 /* Preview Assets.xcassets in Resources */ = {isa = PBXBuildFile; fileRef = C48E73982A3F2CE5008C26E6 /* Preview Assets.xcassets */; };
		C48E73A32A3F2CE5008C26E6 /* Twitter_IOSTests.swift in Sources */ = {isa = PBXBuildFile; fileRef = C48E73A22A3F2CE5008C26E6 /* Twitter_IOSTests.swift */; };
		C48E73AD2A3F2CE5008C26E6 /* Twitter_IOSUITests.swift in Sources */ = {isa = PBXBuildFile; fileRef = C48E73AC2A3F2CE5008C26E6 /* Twitter_IOSUITests.swift */; };
		C48E73AF2A3F2CE5008C26E6 /* Twitter_IOSUITestsLaunchTests.swift in Sources */ = {isa = PBXBuildFile; fileRef = C48E73AE2A3F2CE5008C26E6 /* Twitter_IOSUITestsLaunchTests.swift */; };
		C48E73C42A3F3567008C26E6 /* FeedView.swift in Sources */ = {isa = PBXBuildFile; fileRef = C48E73C32A3F3567008C26E6 /* FeedView.swift */; };
		C48E73C72A3F36BB008C26E6 /* TweetRowView.swift in Sources */ = {isa = PBXBuildFile; fileRef = C48E73C62A3F36BB008C26E6 /* TweetRowView.swift */; };
		C48E73CA2A3F3C27008C26E6 /* MainTabView.swift in Sources */ = {isa = PBXBuildFile; fileRef = C48E73C92A3F3C27008C26E6 /* MainTabView.swift */; };
		C48E73D02A3F3E31008C26E6 /* ExploreView.swift in Sources */ = {isa = PBXBuildFile; fileRef = C48E73CF2A3F3E31008C26E6 /* ExploreView.swift */; };
		C48E73D22A3F3E52008C26E6 /* NotificationsView.swift in Sources */ = {isa = PBXBuildFile; fileRef = C48E73D12A3F3E52008C26E6 /* NotificationsView.swift */; };
		C48E73D42A3F3E6D008C26E6 /* MessagesView.swift in Sources */ = {isa = PBXBuildFile; fileRef = C48E73D32A3F3E6D008C26E6 /* MessagesView.swift */; };
		C4CF8D672A4085DE00AA098C /* ProfileView.swift in Sources */ = {isa = PBXBuildFile; fileRef = C4CF8D662A4085DE00AA098C /* ProfileView.swift */; };
		C4CF8D692A409A0000AA098C /* TweetFilterViewModel.swift in Sources */ = {isa = PBXBuildFile; fileRef = C4CF8D682A409A0000AA098C /* TweetFilterViewModel.swift */; };
		C4CF8D6E2A40A19A00AA098C /* UserRowView.swift in Sources */ = {isa = PBXBuildFile; fileRef = C4CF8D6D2A40A19A00AA098C /* UserRowView.swift */; };
		C4CF8D732A40A4D400AA098C /* SideMenuView.swift in Sources */ = {isa = PBXBuildFile; fileRef = C4CF8D722A40A4D400AA098C /* SideMenuView.swift */; };
		C4CF8D752A40A4F500AA098C /* SideMenuRowView.swift in Sources */ = {isa = PBXBuildFile; fileRef = C4CF8D742A40A4F500AA098C /* SideMenuRowView.swift */; };
		C4CF8D772A40A51800AA098C /* SideMenuViewModel.swift in Sources */ = {isa = PBXBuildFile; fileRef = C4CF8D762A40A51800AA098C /* SideMenuViewModel.swift */; };
		C4CF8D792A40A75F00AA098C /* UserStatsView.swift in Sources */ = {isa = PBXBuildFile; fileRef = C4CF8D782A40A75F00AA098C /* UserStatsView.swift */; };
		C4CF8D802A40BADF00AA098C /* NewTweetView.swift in Sources */ = {isa = PBXBuildFile; fileRef = C4CF8D7F2A40BADF00AA098C /* NewTweetView.swift */; };
		C4CF8D822A40BC6800AA098C /* TextArea.swift in Sources */ = {isa = PBXBuildFile; fileRef = C4CF8D812A40BC6800AA098C /* TextArea.swift */; };
		C4F778872A4DA3B300E168B1 /* UserService.swift in Sources */ = {isa = PBXBuildFile; fileRef = C4F778862A4DA3B300E168B1 /* UserService.swift */; };
		C4F778892A4DA6CA00E168B1 /* User.swift in Sources */ = {isa = PBXBuildFile; fileRef = C4F778882A4DA6CA00E168B1 /* User.swift */; };
		C4F7788C2A51C2DA00E168B1 /* Kingfisher in Frameworks */ = {isa = PBXBuildFile; productRef = C4F7788B2A51C2DA00E168B1 /* Kingfisher */; };
		C4F7788E2A51D0EA00E168B1 /* ExploreViewModel.swift in Sources */ = {isa = PBXBuildFile; fileRef = C4F7788D2A51D0EA00E168B1 /* ExploreViewModel.swift */; };
		C4F778902A51D6BB00E168B1 /* SearchBar.swift in Sources */ = {isa = PBXBuildFile; fileRef = C4F7788F2A51D6BB00E168B1 /* SearchBar.swift */; };
		C4F778922A52FEF800E168B1 /* TweetService.swift in Sources */ = {isa = PBXBuildFile; fileRef = C4F778912A52FEF800E168B1 /* TweetService.swift */; };
		C4F778942A53008300E168B1 /* UploadTweetViewModel.swift in Sources */ = {isa = PBXBuildFile; fileRef = C4F778932A53008300E168B1 /* UploadTweetViewModel.swift */; };
		C4F778962A53060900E168B1 /* FeedViewModel.swift in Sources */ = {isa = PBXBuildFile; fileRef = C4F778952A53060900E168B1 /* FeedViewModel.swift */; };
		C4F778982A5307F000E168B1 /* Tweet.swift in Sources */ = {isa = PBXBuildFile; fileRef = C4F778972A5307F000E168B1 /* Tweet.swift */; };
		C4F7789A2A531F2000E168B1 /* ProfileViewModel.swift in Sources */ = {isa = PBXBuildFile; fileRef = C4F778992A531F2000E168B1 /* ProfileViewModel.swift */; };
		C4F7789E2A532BDB00E168B1 /* TweetRowViewModel.swift in Sources */ = {isa = PBXBuildFile; fileRef = C4F7789D2A532BDB00E168B1 /* TweetRowViewModel.swift */; };
/* End PBXBuildFile section */

/* Begin PBXContainerItemProxy section */
		C48E739F2A3F2CE5008C26E6 /* PBXContainerItemProxy */ = {
			isa = PBXContainerItemProxy;
			containerPortal = C48E73852A3F2CE4008C26E6 /* Project object */;
			proxyType = 1;
			remoteGlobalIDString = C48E738C2A3F2CE4008C26E6;
			remoteInfo = Twitter_IOS;
		};
		C48E73A92A3F2CE5008C26E6 /* PBXContainerItemProxy */ = {
			isa = PBXContainerItemProxy;
			containerPortal = C48E73852A3F2CE4008C26E6 /* Project object */;
			proxyType = 1;
			remoteGlobalIDString = C48E738C2A3F2CE4008C26E6;
			remoteInfo = Twitter_IOS;
		};
/* End PBXContainerItemProxy section */

/* Begin PBXFileReference section */
		C41BB3E12A44ADF70068E7AF /* ProfilePhotoSelectorView.swift */ = {isa = PBXFileReference; lastKnownFileType = sourcecode.swift; path = ProfilePhotoSelectorView.swift; sourceTree = "<group>"; };
		C44C3F322A43339300CFF34D /* LoginView.swift */ = {isa = PBXFileReference; lastKnownFileType = sourcecode.swift; path = LoginView.swift; sourceTree = "<group>"; };
		C44C3F342A4333A700CFF34D /* RegistrationView.swift */ = {isa = PBXFileReference; lastKnownFileType = sourcecode.swift; path = RegistrationView.swift; sourceTree = "<group>"; };
		C44C3F362A43359600CFF34D /* RoundedShape.swift */ = {isa = PBXFileReference; lastKnownFileType = sourcecode.swift; path = RoundedShape.swift; sourceTree = "<group>"; };
		C44C3F382A433D8300CFF34D /* CustomInputField.swift */ = {isa = PBXFileReference; lastKnownFileType = sourcecode.swift; path = CustomInputField.swift; sourceTree = "<group>"; };
		C44C3F3B2A433FE500CFF34D /* AuthenticationHeaderView.swift */ = {isa = PBXFileReference; lastKnownFileType = sourcecode.swift; path = AuthenticationHeaderView.swift; sourceTree = "<group>"; };
		C44C3F3D2A43484D00CFF34D /* GoogleService-Info.plist */ = {isa = PBXFileReference; lastKnownFileType = text.plist; path = "GoogleService-Info.plist"; sourceTree = SOURCE_ROOT; };
		C44C3F482A434CDF00CFF34D /* AuthViewModel.swift */ = {isa = PBXFileReference; lastKnownFileType = sourcecode.swift; path = AuthViewModel.swift; sourceTree = "<group>"; };
		C47F283E2A489F14004EC2AD /* ImagePicker.swift */ = {isa = PBXFileReference; lastKnownFileType = sourcecode.swift; path = ImagePicker.swift; sourceTree = "<group>"; };
		C47F28402A48AF85004EC2AD /* ImageUploader.swift */ = {isa = PBXFileReference; lastKnownFileType = sourcecode.swift; path = ImageUploader.swift; sourceTree = "<group>"; };
		C48E738D2A3F2CE4008C26E6 /* Twitter_IOS.app */ = {isa = PBXFileReference; explicitFileType = wrapper.application; includeInIndex = 0; path = Twitter_IOS.app; sourceTree = BUILT_PRODUCTS_DIR; };
		C48E73902A3F2CE4008C26E6 /* Twitter_IOSApp.swift */ = {isa = PBXFileReference; lastKnownFileType = sourcecode.swift; path = Twitter_IOSApp.swift; sourceTree = "<group>"; };
		C48E73922A3F2CE4008C26E6 /* ContentView.swift */ = {isa = PBXFileReference; lastKnownFileType = sourcecode.swift; path = ContentView.swift; sourceTree = "<group>"; };
		C48E73942A3F2CE5008C26E6 /* Assets.xcassets */ = {isa = PBXFileReference; lastKnownFileType = folder.assetcatalog; path = Assets.xcassets; sourceTree = "<group>"; };
		C48E73962A3F2CE5008C26E6 /* Twitter_IOS.entitlements */ = {isa = PBXFileReference; lastKnownFileType = text.plist.entitlements; path = Twitter_IOS.entitlements; sourceTree = "<group>"; };
		C48E73982A3F2CE5008C26E6 /* Preview Assets.xcassets */ = {isa = PBXFileReference; lastKnownFileType = folder.assetcatalog; path = "Preview Assets.xcassets"; sourceTree = "<group>"; };
		C48E739E2A3F2CE5008C26E6 /* Twitter_IOSTests.xctest */ = {isa = PBXFileReference; explicitFileType = wrapper.cfbundle; includeInIndex = 0; path = Twitter_IOSTests.xctest; sourceTree = BUILT_PRODUCTS_DIR; };
		C48E73A22A3F2CE5008C26E6 /* Twitter_IOSTests.swift */ = {isa = PBXFileReference; lastKnownFileType = sourcecode.swift; path = Twitter_IOSTests.swift; sourceTree = "<group>"; };
		C48E73A82A3F2CE5008C26E6 /* Twitter_IOSUITests.xctest */ = {isa = PBXFileReference; explicitFileType = wrapper.cfbundle; includeInIndex = 0; path = Twitter_IOSUITests.xctest; sourceTree = BUILT_PRODUCTS_DIR; };
		C48E73AC2A3F2CE5008C26E6 /* Twitter_IOSUITests.swift */ = {isa = PBXFileReference; lastKnownFileType = sourcecode.swift; path = Twitter_IOSUITests.swift; sourceTree = "<group>"; };
		C48E73AE2A3F2CE5008C26E6 /* Twitter_IOSUITestsLaunchTests.swift */ = {isa = PBXFileReference; lastKnownFileType = sourcecode.swift; path = Twitter_IOSUITestsLaunchTests.swift; sourceTree = "<group>"; };
		C48E73C32A3F3567008C26E6 /* FeedView.swift */ = {isa = PBXFileReference; lastKnownFileType = sourcecode.swift; path = FeedView.swift; sourceTree = "<group>"; };
		C48E73C62A3F36BB008C26E6 /* TweetRowView.swift */ = {isa = PBXFileReference; lastKnownFileType = sourcecode.swift; path = TweetRowView.swift; sourceTree = "<group>"; };
		C48E73C92A3F3C27008C26E6 /* MainTabView.swift */ = {isa = PBXFileReference; lastKnownFileType = sourcecode.swift; path = MainTabView.swift; sourceTree = "<group>"; };
		C48E73CF2A3F3E31008C26E6 /* ExploreView.swift */ = {isa = PBXFileReference; lastKnownFileType = sourcecode.swift; path = ExploreView.swift; sourceTree = "<group>"; };
		C48E73D12A3F3E52008C26E6 /* NotificationsView.swift */ = {isa = PBXFileReference; lastKnownFileType = sourcecode.swift; path = NotificationsView.swift; sourceTree = "<group>"; };
		C48E73D32A3F3E6D008C26E6 /* MessagesView.swift */ = {isa = PBXFileReference; lastKnownFileType = sourcecode.swift; path = MessagesView.swift; sourceTree = "<group>"; };
		C4CF8D662A4085DE00AA098C /* ProfileView.swift */ = {isa = PBXFileReference; lastKnownFileType = sourcecode.swift; path = ProfileView.swift; sourceTree = "<group>"; };
		C4CF8D682A409A0000AA098C /* TweetFilterViewModel.swift */ = {isa = PBXFileReference; lastKnownFileType = sourcecode.swift; path = TweetFilterViewModel.swift; sourceTree = "<group>"; };
		C4CF8D6D2A40A19A00AA098C /* UserRowView.swift */ = {isa = PBXFileReference; lastKnownFileType = sourcecode.swift; path = UserRowView.swift; sourceTree = "<group>"; };
		C4CF8D722A40A4D400AA098C /* SideMenuView.swift */ = {isa = PBXFileReference; lastKnownFileType = sourcecode.swift; path = SideMenuView.swift; sourceTree = "<group>"; };
		C4CF8D742A40A4F500AA098C /* SideMenuRowView.swift */ = {isa = PBXFileReference; lastKnownFileType = sourcecode.swift; path = SideMenuRowView.swift; sourceTree = "<group>"; };
		C4CF8D762A40A51800AA098C /* SideMenuViewModel.swift */ = {isa = PBXFileReference; lastKnownFileType = sourcecode.swift; path = SideMenuViewModel.swift; sourceTree = "<group>"; };
		C4CF8D782A40A75F00AA098C /* UserStatsView.swift */ = {isa = PBXFileReference; lastKnownFileType = sourcecode.swift; path = UserStatsView.swift; sourceTree = "<group>"; };
		C4CF8D7F2A40BADF00AA098C /* NewTweetView.swift */ = {isa = PBXFileReference; lastKnownFileType = sourcecode.swift; path = NewTweetView.swift; sourceTree = "<group>"; };
		C4CF8D812A40BC6800AA098C /* TextArea.swift */ = {isa = PBXFileReference; lastKnownFileType = sourcecode.swift; path = TextArea.swift; sourceTree = "<group>"; };
		C4F778862A4DA3B300E168B1 /* UserService.swift */ = {isa = PBXFileReference; lastKnownFileType = sourcecode.swift; path = UserService.swift; sourceTree = "<group>"; };
		C4F778882A4DA6CA00E168B1 /* User.swift */ = {isa = PBXFileReference; lastKnownFileType = sourcecode.swift; path = User.swift; sourceTree = "<group>"; };
		C4F7788D2A51D0EA00E168B1 /* ExploreViewModel.swift */ = {isa = PBXFileReference; lastKnownFileType = sourcecode.swift; path = ExploreViewModel.swift; sourceTree = "<group>"; };
		C4F7788F2A51D6BB00E168B1 /* SearchBar.swift */ = {isa = PBXFileReference; lastKnownFileType = sourcecode.swift; path = SearchBar.swift; sourceTree = "<group>"; };
		C4F778912A52FEF800E168B1 /* TweetService.swift */ = {isa = PBXFileReference; lastKnownFileType = sourcecode.swift; path = TweetService.swift; sourceTree = "<group>"; };
		C4F778932A53008300E168B1 /* UploadTweetViewModel.swift */ = {isa = PBXFileReference; lastKnownFileType = sourcecode.swift; path = UploadTweetViewModel.swift; sourceTree = "<group>"; };
		C4F778952A53060900E168B1 /* FeedViewModel.swift */ = {isa = PBXFileReference; lastKnownFileType = sourcecode.swift; path = FeedViewModel.swift; sourceTree = "<group>"; };
		C4F778972A5307F000E168B1 /* Tweet.swift */ = {isa = PBXFileReference; lastKnownFileType = sourcecode.swift; path = Tweet.swift; sourceTree = "<group>"; };
		C4F778992A531F2000E168B1 /* ProfileViewModel.swift */ = {isa = PBXFileReference; lastKnownFileType = sourcecode.swift; path = ProfileViewModel.swift; sourceTree = "<group>"; };
		C4F7789D2A532BDB00E168B1 /* TweetRowViewModel.swift */ = {isa = PBXFileReference; lastKnownFileType = sourcecode.swift; path = TweetRowViewModel.swift; sourceTree = "<group>"; };
/* End PBXFileReference section */

/* Begin PBXFrameworksBuildPhase section */
		C48E738A2A3F2CE4008C26E6 /* Frameworks */ = {
			isa = PBXFrameworksBuildPhase;
			buildActionMask = 2147483647;
			files = (
				C44C3F412A434ADB00CFF34D /* FirebaseAuth in Frameworks */,
				C44C3F472A434ADB00CFF34D /* FirebaseStorage in Frameworks */,
				C44C3F432A434ADB00CFF34D /* FirebaseFirestore in Frameworks */,
				C44C3F452A434ADB00CFF34D /* FirebaseFirestoreSwift in Frameworks */,
				C4F7788C2A51C2DA00E168B1 /* Kingfisher in Frameworks */,
			);
			runOnlyForDeploymentPostprocessing = 0;
		};
		C48E739B2A3F2CE5008C26E6 /* Frameworks */ = {
			isa = PBXFrameworksBuildPhase;
			buildActionMask = 2147483647;
			files = (
			);
			runOnlyForDeploymentPostprocessing = 0;
		};
		C48E73A52A3F2CE5008C26E6 /* Frameworks */ = {
			isa = PBXFrameworksBuildPhase;
			buildActionMask = 2147483647;
			files = (
			);
			runOnlyForDeploymentPostprocessing = 0;
		};
/* End PBXFrameworksBuildPhase section */

/* Begin PBXGroup section */
		C44C3F2F2A43334F00CFF34D /* Authentication */ = {
			isa = PBXGroup;
			children = (
				C44C3F312A43336E00CFF34D /* ViewModels */,
				C44C3F302A43336300CFF34D /* Views */,
			);
			path = Authentication;
			sourceTree = "<group>";
		};
		C44C3F302A43336300CFF34D /* Views */ = {
			isa = PBXGroup;
			children = (
				C44C3F322A43339300CFF34D /* LoginView.swift */,
				C44C3F342A4333A700CFF34D /* RegistrationView.swift */,
				C41BB3E12A44ADF70068E7AF /* ProfilePhotoSelectorView.swift */,
			);
			path = Views;
			sourceTree = "<group>";
		};
		C44C3F312A43336E00CFF34D /* ViewModels */ = {
			isa = PBXGroup;
			children = (
				C44C3F482A434CDF00CFF34D /* AuthViewModel.swift */,
			);
			path = ViewModels;
			sourceTree = "<group>";
		};
		C44C3F3A2A433FC400CFF34D /* Authentication */ = {
			isa = PBXGroup;
			children = (
				C44C3F3B2A433FE500CFF34D /* AuthenticationHeaderView.swift */,
			);
			path = Authentication;
			sourceTree = "<group>";
		};
		C47F283D2A489F00004EC2AD /* Utils */ = {
			isa = PBXGroup;
			children = (
				C47F283E2A489F14004EC2AD /* ImagePicker.swift */,
			);
			path = Utils;
			sourceTree = "<group>";
		};
		C48E73842A3F2CE4008C26E6 = {
			isa = PBXGroup;
			children = (
				C48E738F2A3F2CE4008C26E6 /* Twitter_IOS */,
				C48E73A12A3F2CE5008C26E6 /* Twitter_IOSTests */,
				C48E73AB2A3F2CE5008C26E6 /* Twitter_IOSUITests */,
				C48E738E2A3F2CE4008C26E6 /* Products */,
			);
			sourceTree = "<group>";
		};
		C48E738E2A3F2CE4008C26E6 /* Products */ = {
			isa = PBXGroup;
			children = (
				C48E738D2A3F2CE4008C26E6 /* Twitter_IOS.app */,
				C48E739E2A3F2CE5008C26E6 /* Twitter_IOSTests.xctest */,
				C48E73A82A3F2CE5008C26E6 /* Twitter_IOSUITests.xctest */,
			);
			name = Products;
			sourceTree = "<group>";
		};
		C48E738F2A3F2CE4008C26E6 /* Twitter_IOS */ = {
			isa = PBXGroup;
			children = (
				C47F283D2A489F00004EC2AD /* Utils */,
				C48E73BE2A3F3381008C26E6 /* Model */,
				C48E73BD2A3F3375008C26E6 /* Core */,
				C48E73BC2A3F3366008C26E6 /* Service */,
				C48E73BB2A3F3334008C26E6 /* Extensions */,
				C48E73902A3F2CE4008C26E6 /* Twitter_IOSApp.swift */,
				C48E73922A3F2CE4008C26E6 /* ContentView.swift */,
				C48E73942A3F2CE5008C26E6 /* Assets.xcassets */,
				C44C3F3D2A43484D00CFF34D /* GoogleService-Info.plist */,
				C48E73962A3F2CE5008C26E6 /* Twitter_IOS.entitlements */,
				C48E73972A3F2CE5008C26E6 /* Preview Content */,
			);
			path = Twitter_IOS;
			sourceTree = "<group>";
		};
		C48E73972A3F2CE5008C26E6 /* Preview Content */ = {
			isa = PBXGroup;
			children = (
				C48E73982A3F2CE5008C26E6 /* Preview Assets.xcassets */,
			);
			path = "Preview Content";
			sourceTree = "<group>";
		};
		C48E73A12A3F2CE5008C26E6 /* Twitter_IOSTests */ = {
			isa = PBXGroup;
			children = (
				C48E73A22A3F2CE5008C26E6 /* Twitter_IOSTests.swift */,
			);
			path = Twitter_IOSTests;
			sourceTree = "<group>";
		};
		C48E73AB2A3F2CE5008C26E6 /* Twitter_IOSUITests */ = {
			isa = PBXGroup;
			children = (
				C48E73AC2A3F2CE5008C26E6 /* Twitter_IOSUITests.swift */,
				C48E73AE2A3F2CE5008C26E6 /* Twitter_IOSUITestsLaunchTests.swift */,
			);
			path = Twitter_IOSUITests;
			sourceTree = "<group>";
		};
		C48E73BB2A3F3334008C26E6 /* Extensions */ = {
			isa = PBXGroup;
			children = (
			);
			path = Extensions;
			sourceTree = "<group>";
		};
		C48E73BC2A3F3366008C26E6 /* Service */ = {
			isa = PBXGroup;
			children = (
				C47F28402A48AF85004EC2AD /* ImageUploader.swift */,
				C4F778862A4DA3B300E168B1 /* UserService.swift */,
				C4F778912A52FEF800E168B1 /* TweetService.swift */,
			);
			path = Service;
			sourceTree = "<group>";
		};
		C48E73BD2A3F3375008C26E6 /* Core */ = {
			isa = PBXGroup;
			children = (
				C44C3F2F2A43334F00CFF34D /* Authentication */,
				C4CF8D7A2A40BA7D00AA098C /* UploadTweet */,
				C4CF8D6F2A40A49400AA098C /* SideMenu */,
				C48E73CE2A3F3E0F008C26E6 /* Massages */,
				C48E73CD2A3F3E06008C26E6 /* Profile */,
				C48E73CC2A3F3DF4008C26E6 /* Notifications */,
				C48E73CB2A3F3DEB008C26E6 /* Explore */,
				C48E73C82A3F3C0C008C26E6 /* MainTab */,
				C48E73BF2A3F33E0008C26E6 /* Components */,
				C48E73C02A3F33FD008C26E6 /* Feed */,
			);
			path = Core;
			sourceTree = "<group>";
		};
		C48E73BE2A3F3381008C26E6 /* Model */ = {
			isa = PBXGroup;
			children = (
				C4F778882A4DA6CA00E168B1 /* User.swift */,
				C4F778972A5307F000E168B1 /* Tweet.swift */,
			);
			path = Model;
			sourceTree = "<group>";
		};
		C48E73BF2A3F33E0008C26E6 /* Components */ = {
			isa = PBXGroup;
			children = (
				C44C3F3A2A433FC400CFF34D /* Authentication */,
				C4CF8D6C2A40A17E00AA098C /* Users */,
				C48E73C52A3F3661008C26E6 /* Tweets */,
				C4CF8D812A40BC6800AA098C /* TextArea.swift */,
				C44C3F362A43359600CFF34D /* RoundedShape.swift */,
				C44C3F382A433D8300CFF34D /* CustomInputField.swift */,
				C4F7788F2A51D6BB00E168B1 /* SearchBar.swift */,
			);
			path = Components;
			sourceTree = "<group>";
		};
		C48E73C02A3F33FD008C26E6 /* Feed */ = {
			isa = PBXGroup;
			children = (
				C48E73C22A3F3542008C26E6 /* View */,
				C48E73C12A3F352F008C26E6 /* ViewModels */,
			);
			path = Feed;
			sourceTree = "<group>";
		};
		C48E73C12A3F352F008C26E6 /* ViewModels */ = {
			isa = PBXGroup;
			children = (
				C4F778952A53060900E168B1 /* FeedViewModel.swift */,
			);
			path = ViewModels;
			sourceTree = "<group>";
		};
		C48E73C22A3F3542008C26E6 /* View */ = {
			isa = PBXGroup;
			children = (
				C48E73C32A3F3567008C26E6 /* FeedView.swift */,
			);
			path = View;
			sourceTree = "<group>";
		};
		C48E73C52A3F3661008C26E6 /* Tweets */ = {
			isa = PBXGroup;
			children = (
				C4F7789C2A532BB900E168B1 /* ViewModel */,
				C4F7789B2A532BA300E168B1 /* Views */,
			);
			path = Tweets;
			sourceTree = "<group>";
		};
		C48E73C82A3F3C0C008C26E6 /* MainTab */ = {
			isa = PBXGroup;
			children = (
				C48E73C92A3F3C27008C26E6 /* MainTabView.swift */,
			);
			path = MainTab;
			sourceTree = "<group>";
		};
		C48E73CB2A3F3DEB008C26E6 /* Explore */ = {
			isa = PBXGroup;
			children = (
				C4CF8D6B2A40A10C00AA098C /* ViewModles */,
				C4CF8D6A2A40A10400AA098C /* View */,
			);
			path = Explore;
			sourceTree = "<group>";
		};
		C48E73CC2A3F3DF4008C26E6 /* Notifications */ = {
			isa = PBXGroup;
			children = (
				C48E73D12A3F3E52008C26E6 /* NotificationsView.swift */,
			);
			path = Notifications;
			sourceTree = "<group>";
		};
		C48E73CD2A3F3E06008C26E6 /* Profile */ = {
			isa = PBXGroup;
			children = (
				C4CF8D652A4085B800AA098C /* Views */,
				C4CF8D642A4085AB00AA098C /* ViewModels */,
			);
			path = Profile;
			sourceTree = "<group>";
		};
		C48E73CE2A3F3E0F008C26E6 /* Massages */ = {
			isa = PBXGroup;
			children = (
				C48E73D32A3F3E6D008C26E6 /* MessagesView.swift */,
			);
			path = Massages;
			sourceTree = "<group>";
		};
		C4CF8D642A4085AB00AA098C /* ViewModels */ = {
			isa = PBXGroup;
			children = (
				C4CF8D682A409A0000AA098C /* TweetFilterViewModel.swift */,
				C4F778992A531F2000E168B1 /* ProfileViewModel.swift */,
			);
			path = ViewModels;
			sourceTree = "<group>";
		};
		C4CF8D652A4085B800AA098C /* Views */ = {
			isa = PBXGroup;
			children = (
				C4CF8D662A4085DE00AA098C /* ProfileView.swift */,
			);
			path = Views;
			sourceTree = "<group>";
		};
		C4CF8D6A2A40A10400AA098C /* View */ = {
			isa = PBXGroup;
			children = (
				C48E73CF2A3F3E31008C26E6 /* ExploreView.swift */,
			);
			path = View;
			sourceTree = "<group>";
		};
		C4CF8D6B2A40A10C00AA098C /* ViewModles */ = {
			isa = PBXGroup;
			children = (
				C4F7788D2A51D0EA00E168B1 /* ExploreViewModel.swift */,
			);
			path = ViewModles;
			sourceTree = "<group>";
		};
		C4CF8D6C2A40A17E00AA098C /* Users */ = {
			isa = PBXGroup;
			children = (
				C4CF8D6D2A40A19A00AA098C /* UserRowView.swift */,
				C4CF8D782A40A75F00AA098C /* UserStatsView.swift */,
			);
			path = Users;
			sourceTree = "<group>";
		};
		C4CF8D6F2A40A49400AA098C /* SideMenu */ = {
			isa = PBXGroup;
			children = (
				C4CF8D712A40A4AA00AA098C /* ViewModels */,
				C4CF8D702A40A4A100AA098C /* Views */,
			);
			path = SideMenu;
			sourceTree = "<group>";
		};
		C4CF8D702A40A4A100AA098C /* Views */ = {
			isa = PBXGroup;
			children = (
				C4CF8D722A40A4D400AA098C /* SideMenuView.swift */,
				C4CF8D742A40A4F500AA098C /* SideMenuRowView.swift */,
			);
			path = Views;
			sourceTree = "<group>";
		};
		C4CF8D712A40A4AA00AA098C /* ViewModels */ = {
			isa = PBXGroup;
			children = (
				C4CF8D762A40A51800AA098C /* SideMenuViewModel.swift */,
			);
			path = ViewModels;
			sourceTree = "<group>";
		};
		C4CF8D7A2A40BA7D00AA098C /* UploadTweet */ = {
			isa = PBXGroup;
			children = (
				C4CF8D7C2A40BA9F00AA098C /* Views */,
				C4CF8D7B2A40BA9300AA098C /* ViewModels */,
			);
			path = UploadTweet;
			sourceTree = "<group>";
		};
		C4CF8D7B2A40BA9300AA098C /* ViewModels */ = {
			isa = PBXGroup;
			children = (
				C4F778932A53008300E168B1 /* UploadTweetViewModel.swift */,
			);
			path = ViewModels;
			sourceTree = "<group>";
		};
		C4CF8D7C2A40BA9F00AA098C /* Views */ = {
			isa = PBXGroup;
			children = (
				C4CF8D7F2A40BADF00AA098C /* NewTweetView.swift */,
			);
			path = Views;
			sourceTree = "<group>";
		};
		C4F7789B2A532BA300E168B1 /* Views */ = {
			isa = PBXGroup;
			children = (
				C48E73C62A3F36BB008C26E6 /* TweetRowView.swift */,
			);
			path = Views;
			sourceTree = "<group>";
		};
		C4F7789C2A532BB900E168B1 /* ViewModel */ = {
			isa = PBXGroup;
			children = (
				C4F7789D2A532BDB00E168B1 /* TweetRowViewModel.swift */,
			);
			path = ViewModel;
			sourceTree = "<group>";
		};
/* End PBXGroup section */

/* Begin PBXNativeTarget section */
		C48E738C2A3F2CE4008C26E6 /* Twitter_IOS */ = {
			isa = PBXNativeTarget;
			buildConfigurationList = C48E73B22A3F2CE5008C26E6 /* Build configuration list for PBXNativeTarget "Twitter_IOS" */;
			buildPhases = (
				C48E73892A3F2CE4008C26E6 /* Sources */,
				C48E738A2A3F2CE4008C26E6 /* Frameworks */,
				C48E738B2A3F2CE4008C26E6 /* Resources */,
			);
			buildRules = (
			);
			dependencies = (
			);
			name = Twitter_IOS;
			packageProductDependencies = (
				C44C3F402A434ADB00CFF34D /* FirebaseAuth */,
				C44C3F422A434ADB00CFF34D /* FirebaseFirestore */,
				C44C3F442A434ADB00CFF34D /* FirebaseFirestoreSwift */,
				C44C3F462A434ADB00CFF34D /* FirebaseStorage */,
				C4F7788B2A51C2DA00E168B1 /* Kingfisher */,
			);
			productName = Twitter_IOS;
			productReference = C48E738D2A3F2CE4008C26E6 /* Twitter_IOS.app */;
			productType = "com.apple.product-type.application";
		};
		C48E739D2A3F2CE5008C26E6 /* Twitter_IOSTests */ = {
			isa = PBXNativeTarget;
			buildConfigurationList = C48E73B52A3F2CE5008C26E6 /* Build configuration list for PBXNativeTarget "Twitter_IOSTests" */;
			buildPhases = (
				C48E739A2A3F2CE5008C26E6 /* Sources */,
				C48E739B2A3F2CE5008C26E6 /* Frameworks */,
				C48E739C2A3F2CE5008C26E6 /* Resources */,
			);
			buildRules = (
			);
			dependencies = (
				C48E73A02A3F2CE5008C26E6 /* PBXTargetDependency */,
			);
			name = Twitter_IOSTests;
			productName = Twitter_IOSTests;
			productReference = C48E739E2A3F2CE5008C26E6 /* Twitter_IOSTests.xctest */;
			productType = "com.apple.product-type.bundle.unit-test";
		};
		C48E73A72A3F2CE5008C26E6 /* Twitter_IOSUITests */ = {
			isa = PBXNativeTarget;
			buildConfigurationList = C48E73B82A3F2CE5008C26E6 /* Build configuration list for PBXNativeTarget "Twitter_IOSUITests" */;
			buildPhases = (
				C48E73A42A3F2CE5008C26E6 /* Sources */,
				C48E73A52A3F2CE5008C26E6 /* Frameworks */,
				C48E73A62A3F2CE5008C26E6 /* Resources */,
			);
			buildRules = (
			);
			dependencies = (
				C48E73AA2A3F2CE5008C26E6 /* PBXTargetDependency */,
			);
			name = Twitter_IOSUITests;
			productName = Twitter_IOSUITests;
			productReference = C48E73A82A3F2CE5008C26E6 /* Twitter_IOSUITests.xctest */;
			productType = "com.apple.product-type.bundle.ui-testing";
		};
/* End PBXNativeTarget section */

/* Begin PBXProject section */
		C48E73852A3F2CE4008C26E6 /* Project object */ = {
			isa = PBXProject;
			attributes = {
				BuildIndependentTargetsInParallel = 1;
				LastSwiftUpdateCheck = 1430;
				LastUpgradeCheck = 1430;
				TargetAttributes = {
					C48E738C2A3F2CE4008C26E6 = {
						CreatedOnToolsVersion = 14.3;
					};
					C48E739D2A3F2CE5008C26E6 = {
						CreatedOnToolsVersion = 14.3;
						TestTargetID = C48E738C2A3F2CE4008C26E6;
					};
					C48E73A72A3F2CE5008C26E6 = {
						CreatedOnToolsVersion = 14.3;
						TestTargetID = C48E738C2A3F2CE4008C26E6;
					};
				};
			};
			buildConfigurationList = C48E73882A3F2CE4008C26E6 /* Build configuration list for PBXProject "Twitter_IOS" */;
			compatibilityVersion = "Xcode 14.0";
			developmentRegion = en;
			hasScannedForEncodings = 0;
			knownRegions = (
				en,
				Base,
			);
			mainGroup = C48E73842A3F2CE4008C26E6;
			packageReferences = (
				C44C3F3F2A434ADB00CFF34D /* XCRemoteSwiftPackageReference "firebase-ios-sdk" */,
				C4F7788A2A51C2DA00E168B1 /* XCRemoteSwiftPackageReference "Kingfisher" */,
			);
			productRefGroup = C48E738E2A3F2CE4008C26E6 /* Products */;
			projectDirPath = "";
			projectRoot = "";
			targets = (
				C48E738C2A3F2CE4008C26E6 /* Twitter_IOS */,
				C48E739D2A3F2CE5008C26E6 /* Twitter_IOSTests */,
				C48E73A72A3F2CE5008C26E6 /* Twitter_IOSUITests */,
			);
		};
/* End PBXProject section */

/* Begin PBXResourcesBuildPhase section */
		C48E738B2A3F2CE4008C26E6 /* Resources */ = {
			isa = PBXResourcesBuildPhase;
			buildActionMask = 2147483647;
			files = (
				C48E73992A3F2CE5008C26E6 /* Preview Assets.xcassets in Resources */,
				C48E73952A3F2CE5008C26E6 /* Assets.xcassets in Resources */,
				C44C3F3E2A43484D00CFF34D /* GoogleService-Info.plist in Resources */,
			);
			runOnlyForDeploymentPostprocessing = 0;
		};
		C48E739C2A3F2CE5008C26E6 /* Resources */ = {
			isa = PBXResourcesBuildPhase;
			buildActionMask = 2147483647;
			files = (
			);
			runOnlyForDeploymentPostprocessing = 0;
		};
		C48E73A62A3F2CE5008C26E6 /* Resources */ = {
			isa = PBXResourcesBuildPhase;
			buildActionMask = 2147483647;
			files = (
			);
			runOnlyForDeploymentPostprocessing = 0;
		};
/* End PBXResourcesBuildPhase section */

/* Begin PBXSourcesBuildPhase section */
		C48E73892A3F2CE4008C26E6 /* Sources */ = {
			isa = PBXSourcesBuildPhase;
			buildActionMask = 2147483647;
			files = (
				C48E73D42A3F3E6D008C26E6 /* MessagesView.swift in Sources */,
				C4CF8D672A4085DE00AA098C /* ProfileView.swift in Sources */,
				C4F778872A4DA3B300E168B1 /* UserService.swift in Sources */,
				C47F283F2A489F14004EC2AD /* ImagePicker.swift in Sources */,
				C48E73932A3F2CE4008C26E6 /* ContentView.swift in Sources */,
				C4F778982A5307F000E168B1 /* Tweet.swift in Sources */,
				C4F778962A53060900E168B1 /* FeedViewModel.swift in Sources */,
				C4CF8D752A40A4F500AA098C /* SideMenuRowView.swift in Sources */,
				C47F28412A48AF85004EC2AD /* ImageUploader.swift in Sources */,
				C44C3F392A433D8300CFF34D /* CustomInputField.swift in Sources */,
				C48E73C72A3F36BB008C26E6 /* TweetRowView.swift in Sources */,
				C4CF8D692A409A0000AA098C /* TweetFilterViewModel.swift in Sources */,
				C44C3F3C2A433FE500CFF34D /* AuthenticationHeaderView.swift in Sources */,
				C41BB3E22A44ADF70068E7AF /* ProfilePhotoSelectorView.swift in Sources */,
				C4F7788E2A51D0EA00E168B1 /* ExploreViewModel.swift in Sources */,
				C48E73C42A3F3567008C26E6 /* FeedView.swift in Sources */,
				C4CF8D732A40A4D400AA098C /* SideMenuView.swift in Sources */,
				C4F778942A53008300E168B1 /* UploadTweetViewModel.swift in Sources */,
				C4F778922A52FEF800E168B1 /* TweetService.swift in Sources */,
				C4F7789E2A532BDB00E168B1 /* TweetRowViewModel.swift in Sources */,
				C48E73912A3F2CE4008C26E6 /* Twitter_IOSApp.swift in Sources */,
				C48E73D02A3F3E31008C26E6 /* ExploreView.swift in Sources */,
				C4F778902A51D6BB00E168B1 /* SearchBar.swift in Sources */,
				C4CF8D822A40BC6800AA098C /* TextArea.swift in Sources */,
				C4CF8D772A40A51800AA098C /* SideMenuViewModel.swift in Sources */,
				C44C3F332A43339300CFF34D /* LoginView.swift in Sources */,
				C44C3F352A4333A700CFF34D /* RegistrationView.swift in Sources */,
				C4F778892A4DA6CA00E168B1 /* User.swift in Sources */,
				C4CF8D802A40BADF00AA098C /* NewTweetView.swift in Sources */,
				C44C3F492A434CDF00CFF34D /* AuthViewModel.swift in Sources */,
				C44C3F372A43359600CFF34D /* RoundedShape.swift in Sources */,
				C4CF8D6E2A40A19A00AA098C /* UserRowView.swift in Sources */,
				C48E73CA2A3F3C27008C26E6 /* MainTabView.swift in Sources */,
				C48E73D22A3F3E52008C26E6 /* NotificationsView.swift in Sources */,
				C4CF8D792A40A75F00AA098C /* UserStatsView.swift in Sources */,
				C4F7789A2A531F2000E168B1 /* ProfileViewModel.swift in Sources */,
			);
			runOnlyForDeploymentPostprocessing = 0;
		};
		C48E739A2A3F2CE5008C26E6 /* Sources */ = {
			isa = PBXSourcesBuildPhase;
			buildActionMask = 2147483647;
			files = (
				C48E73A32A3F2CE5008C26E6 /* Twitter_IOSTests.swift in Sources */,
			);
			runOnlyForDeploymentPostprocessing = 0;
		};
		C48E73A42A3F2CE5008C26E6 /* Sources */ = {
			isa = PBXSourcesBuildPhase;
			buildActionMask = 2147483647;
			files = (
				C48E73AF2A3F2CE5008C26E6 /* Twitter_IOSUITestsLaunchTests.swift in Sources */,
				C48E73AD2A3F2CE5008C26E6 /* Twitter_IOSUITests.swift in Sources */,
			);
			runOnlyForDeploymentPostprocessing = 0;
		};
/* End PBXSourcesBuildPhase section */

/* Begin PBXTargetDependency section */
		C48E73A02A3F2CE5008C26E6 /* PBXTargetDependency */ = {
			isa = PBXTargetDependency;
			target = C48E738C2A3F2CE4008C26E6 /* Twitter_IOS */;
			targetProxy = C48E739F2A3F2CE5008C26E6 /* PBXContainerItemProxy */;
		};
		C48E73AA2A3F2CE5008C26E6 /* PBXTargetDependency */ = {
			isa = PBXTargetDependency;
			target = C48E738C2A3F2CE4008C26E6 /* Twitter_IOS */;
			targetProxy = C48E73A92A3F2CE5008C26E6 /* PBXContainerItemProxy */;
		};
/* End PBXTargetDependency section */

/* Begin XCBuildConfiguration section */
		C48E73B02A3F2CE5008C26E6 /* Debug */ = {
			isa = XCBuildConfiguration;
			buildSettings = {
				ALWAYS_SEARCH_USER_PATHS = NO;
				CLANG_ANALYZER_NONNULL = YES;
				CLANG_ANALYZER_NUMBER_OBJECT_CONVERSION = YES_AGGRESSIVE;
				CLANG_CXX_LANGUAGE_STANDARD = "gnu++20";
				CLANG_ENABLE_MODULES = YES;
				CLANG_ENABLE_OBJC_ARC = YES;
				CLANG_ENABLE_OBJC_WEAK = YES;
				CLANG_WARN_BLOCK_CAPTURE_AUTORELEASING = YES;
				CLANG_WARN_BOOL_CONVERSION = YES;
				CLANG_WARN_COMMA = YES;
				CLANG_WARN_CONSTANT_CONVERSION = YES;
				CLANG_WARN_DEPRECATED_OBJC_IMPLEMENTATIONS = YES;
				CLANG_WARN_DIRECT_OBJC_ISA_USAGE = YES_ERROR;
				CLANG_WARN_DOCUMENTATION_COMMENTS = YES;
				CLANG_WARN_EMPTY_BODY = YES;
				CLANG_WARN_ENUM_CONVERSION = YES;
				CLANG_WARN_INFINITE_RECURSION = YES;
				CLANG_WARN_INT_CONVERSION = YES;
				CLANG_WARN_NON_LITERAL_NULL_CONVERSION = YES;
				CLANG_WARN_OBJC_IMPLICIT_RETAIN_SELF = YES;
				CLANG_WARN_OBJC_LITERAL_CONVERSION = YES;
				CLANG_WARN_OBJC_ROOT_CLASS = YES_ERROR;
				CLANG_WARN_QUOTED_INCLUDE_IN_FRAMEWORK_HEADER = YES;
				CLANG_WARN_RANGE_LOOP_ANALYSIS = YES;
				CLANG_WARN_STRICT_PROTOTYPES = YES;
				CLANG_WARN_SUSPICIOUS_MOVE = YES;
				CLANG_WARN_UNGUARDED_AVAILABILITY = YES_AGGRESSIVE;
				CLANG_WARN_UNREACHABLE_CODE = YES;
				CLANG_WARN__DUPLICATE_METHOD_MATCH = YES;
				COPY_PHASE_STRIP = NO;
				DEBUG_INFORMATION_FORMAT = dwarf;
				ENABLE_STRICT_OBJC_MSGSEND = YES;
				ENABLE_TESTABILITY = YES;
				GCC_C_LANGUAGE_STANDARD = gnu11;
				GCC_DYNAMIC_NO_PIC = NO;
				GCC_NO_COMMON_BLOCKS = YES;
				GCC_OPTIMIZATION_LEVEL = 0;
				GCC_PREPROCESSOR_DEFINITIONS = (
					"DEBUG=1",
					"$(inherited)",
				);
				GCC_WARN_64_TO_32_BIT_CONVERSION = YES;
				GCC_WARN_ABOUT_RETURN_TYPE = YES_ERROR;
				GCC_WARN_UNDECLARED_SELECTOR = YES;
				GCC_WARN_UNINITIALIZED_AUTOS = YES_AGGRESSIVE;
				GCC_WARN_UNUSED_FUNCTION = YES;
				GCC_WARN_UNUSED_VARIABLE = YES;
				MTL_ENABLE_DEBUG_INFO = INCLUDE_SOURCE;
				MTL_FAST_MATH = YES;
				ONLY_ACTIVE_ARCH = YES;
				SWIFT_ACTIVE_COMPILATION_CONDITIONS = DEBUG;
				SWIFT_OPTIMIZATION_LEVEL = "-Onone";
			};
			name = Debug;
		};
		C48E73B12A3F2CE5008C26E6 /* Release */ = {
			isa = XCBuildConfiguration;
			buildSettings = {
				ALWAYS_SEARCH_USER_PATHS = NO;
				CLANG_ANALYZER_NONNULL = YES;
				CLANG_ANALYZER_NUMBER_OBJECT_CONVERSION = YES_AGGRESSIVE;
				CLANG_CXX_LANGUAGE_STANDARD = "gnu++20";
				CLANG_ENABLE_MODULES = YES;
				CLANG_ENABLE_OBJC_ARC = YES;
				CLANG_ENABLE_OBJC_WEAK = YES;
				CLANG_WARN_BLOCK_CAPTURE_AUTORELEASING = YES;
				CLANG_WARN_BOOL_CONVERSION = YES;
				CLANG_WARN_COMMA = YES;
				CLANG_WARN_CONSTANT_CONVERSION = YES;
				CLANG_WARN_DEPRECATED_OBJC_IMPLEMENTATIONS = YES;
				CLANG_WARN_DIRECT_OBJC_ISA_USAGE = YES_ERROR;
				CLANG_WARN_DOCUMENTATION_COMMENTS = YES;
				CLANG_WARN_EMPTY_BODY = YES;
				CLANG_WARN_ENUM_CONVERSION = YES;
				CLANG_WARN_INFINITE_RECURSION = YES;
				CLANG_WARN_INT_CONVERSION = YES;
				CLANG_WARN_NON_LITERAL_NULL_CONVERSION = YES;
				CLANG_WARN_OBJC_IMPLICIT_RETAIN_SELF = YES;
				CLANG_WARN_OBJC_LITERAL_CONVERSION = YES;
				CLANG_WARN_OBJC_ROOT_CLASS = YES_ERROR;
				CLANG_WARN_QUOTED_INCLUDE_IN_FRAMEWORK_HEADER = YES;
				CLANG_WARN_RANGE_LOOP_ANALYSIS = YES;
				CLANG_WARN_STRICT_PROTOTYPES = YES;
				CLANG_WARN_SUSPICIOUS_MOVE = YES;
				CLANG_WARN_UNGUARDED_AVAILABILITY = YES_AGGRESSIVE;
				CLANG_WARN_UNREACHABLE_CODE = YES;
				CLANG_WARN__DUPLICATE_METHOD_MATCH = YES;
				COPY_PHASE_STRIP = NO;
				DEBUG_INFORMATION_FORMAT = "dwarf-with-dsym";
				ENABLE_NS_ASSERTIONS = NO;
				ENABLE_STRICT_OBJC_MSGSEND = YES;
				GCC_C_LANGUAGE_STANDARD = gnu11;
				GCC_NO_COMMON_BLOCKS = YES;
				GCC_WARN_64_TO_32_BIT_CONVERSION = YES;
				GCC_WARN_ABOUT_RETURN_TYPE = YES_ERROR;
				GCC_WARN_UNDECLARED_SELECTOR = YES;
				GCC_WARN_UNINITIALIZED_AUTOS = YES_AGGRESSIVE;
				GCC_WARN_UNUSED_FUNCTION = YES;
				GCC_WARN_UNUSED_VARIABLE = YES;
				MTL_ENABLE_DEBUG_INFO = NO;
				MTL_FAST_MATH = YES;
				SWIFT_COMPILATION_MODE = wholemodule;
				SWIFT_OPTIMIZATION_LEVEL = "-O";
			};
			name = Release;
		};
		C48E73B32A3F2CE5008C26E6 /* Debug */ = {
			isa = XCBuildConfiguration;
			buildSettings = {
				ASSETCATALOG_COMPILER_APPICON_NAME = AppIcon;
				ASSETCATALOG_COMPILER_GLOBAL_ACCENT_COLOR_NAME = AccentColor;
				CODE_SIGN_ENTITLEMENTS = Twitter_IOS/Twitter_IOS.entitlements;
				CODE_SIGN_STYLE = Automatic;
				CURRENT_PROJECT_VERSION = 1;
				DEVELOPMENT_ASSET_PATHS = "\"Twitter_IOS/Preview Content\"";
				ENABLE_PREVIEWS = YES;
				GENERATE_INFOPLIST_FILE = YES;
				"INFOPLIST_KEY_UIApplicationSceneManifest_Generation[sdk=iphoneos*]" = YES;
				"INFOPLIST_KEY_UIApplicationSceneManifest_Generation[sdk=iphonesimulator*]" = YES;
				"INFOPLIST_KEY_UIApplicationSupportsIndirectInputEvents[sdk=iphoneos*]" = YES;
				"INFOPLIST_KEY_UIApplicationSupportsIndirectInputEvents[sdk=iphonesimulator*]" = YES;
				"INFOPLIST_KEY_UILaunchScreen_Generation[sdk=iphoneos*]" = YES;
				"INFOPLIST_KEY_UILaunchScreen_Generation[sdk=iphonesimulator*]" = YES;
				"INFOPLIST_KEY_UIStatusBarStyle[sdk=iphoneos*]" = UIStatusBarStyleDefault;
				"INFOPLIST_KEY_UIStatusBarStyle[sdk=iphonesimulator*]" = UIStatusBarStyleDefault;
				INFOPLIST_KEY_UISupportedInterfaceOrientations = "UIInterfaceOrientationLandscapeLeft UIInterfaceOrientationLandscapeRight UIInterfaceOrientationPortrait";
				INFOPLIST_KEY_UISupportedInterfaceOrientations_iPad = "UIInterfaceOrientationPortrait UIInterfaceOrientationPortraitUpsideDown";
				IPHONEOS_DEPLOYMENT_TARGET = 16.4;
				LD_RUNPATH_SEARCH_PATHS = "@executable_path/Frameworks";
				"LD_RUNPATH_SEARCH_PATHS[sdk=macosx*]" = "@executable_path/../Frameworks";
				MACOSX_DEPLOYMENT_TARGET = 13.2;
				MARKETING_VERSION = 1.0;
				PRODUCT_BUNDLE_IDENTIFIER = "com.vladi.Twitter-IOS";
				PRODUCT_NAME = "$(TARGET_NAME)";
				SDKROOT = auto;
				SUPPORTED_PLATFORMS = "iphoneos iphonesimulator macosx";
				SWIFT_EMIT_LOC_STRINGS = YES;
				SWIFT_VERSION = 5.0;
				TARGETED_DEVICE_FAMILY = "1,2";
			};
			name = Debug;
		};
		C48E73B42A3F2CE5008C26E6 /* Release */ = {
			isa = XCBuildConfiguration;
			buildSettings = {
				ASSETCATALOG_COMPILER_APPICON_NAME = AppIcon;
				ASSETCATALOG_COMPILER_GLOBAL_ACCENT_COLOR_NAME = AccentColor;
				CODE_SIGN_ENTITLEMENTS = Twitter_IOS/Twitter_IOS.entitlements;
				CODE_SIGN_STYLE = Automatic;
				CURRENT_PROJECT_VERSION = 1;
				DEVELOPMENT_ASSET_PATHS = "\"Twitter_IOS/Preview Content\"";
				ENABLE_PREVIEWS = YES;
				GENERATE_INFOPLIST_FILE = YES;
				"INFOPLIST_KEY_UIApplicationSceneManifest_Generation[sdk=iphoneos*]" = YES;
				"INFOPLIST_KEY_UIApplicationSceneManifest_Generation[sdk=iphonesimulator*]" = YES;
				"INFOPLIST_KEY_UIApplicationSupportsIndirectInputEvents[sdk=iphoneos*]" = YES;
				"INFOPLIST_KEY_UIApplicationSupportsIndirectInputEvents[sdk=iphonesimulator*]" = YES;
				"INFOPLIST_KEY_UILaunchScreen_Generation[sdk=iphoneos*]" = YES;
				"INFOPLIST_KEY_UILaunchScreen_Generation[sdk=iphonesimulator*]" = YES;
				"INFOPLIST_KEY_UIStatusBarStyle[sdk=iphoneos*]" = UIStatusBarStyleDefault;
				"INFOPLIST_KEY_UIStatusBarStyle[sdk=iphonesimulator*]" = UIStatusBarStyleDefault;
				INFOPLIST_KEY_UISupportedInterfaceOrientations = "UIInterfaceOrientationLandscapeLeft UIInterfaceOrientationLandscapeRight UIInterfaceOrientationPortrait";
				INFOPLIST_KEY_UISupportedInterfaceOrientations_iPad = "UIInterfaceOrientationPortrait UIInterfaceOrientationPortraitUpsideDown";
				IPHONEOS_DEPLOYMENT_TARGET = 16.4;
				LD_RUNPATH_SEARCH_PATHS = "@executable_path/Frameworks";
				"LD_RUNPATH_SEARCH_PATHS[sdk=macosx*]" = "@executable_path/../Frameworks";
				MACOSX_DEPLOYMENT_TARGET = 13.2;
				MARKETING_VERSION = 1.0;
				PRODUCT_BUNDLE_IDENTIFIER = "com.vladi.Twitter-IOS";
				PRODUCT_NAME = "$(TARGET_NAME)";
				SDKROOT = auto;
				SUPPORTED_PLATFORMS = "iphoneos iphonesimulator macosx";
				SWIFT_EMIT_LOC_STRINGS = YES;
				SWIFT_VERSION = 5.0;
				TARGETED_DEVICE_FAMILY = "1,2";
			};
			name = Release;
		};
		C48E73B62A3F2CE5008C26E6 /* Debug */ = {
			isa = XCBuildConfiguration;
			buildSettings = {
				ALWAYS_EMBED_SWIFT_STANDARD_LIBRARIES = YES;
				BUNDLE_LOADER = "$(TEST_HOST)";
				CODE_SIGN_STYLE = Automatic;
				CURRENT_PROJECT_VERSION = 1;
				GENERATE_INFOPLIST_FILE = YES;
				IPHONEOS_DEPLOYMENT_TARGET = 16.4;
				MACOSX_DEPLOYMENT_TARGET = 13.2;
				MARKETING_VERSION = 1.0;
				PRODUCT_BUNDLE_IDENTIFIER = "com.vladi.Twitter-IOSTests";
				PRODUCT_NAME = "$(TARGET_NAME)";
				SDKROOT = auto;
				SUPPORTED_PLATFORMS = "iphoneos iphonesimulator macosx";
				SWIFT_EMIT_LOC_STRINGS = NO;
				SWIFT_VERSION = 5.0;
				TARGETED_DEVICE_FAMILY = "1,2";
				TEST_HOST = "$(BUILT_PRODUCTS_DIR)/Twitter_IOS.app/$(BUNDLE_EXECUTABLE_FOLDER_PATH)/Twitter_IOS";
			};
			name = Debug;
		};
		C48E73B72A3F2CE5008C26E6 /* Release */ = {
			isa = XCBuildConfiguration;
			buildSettings = {
				ALWAYS_EMBED_SWIFT_STANDARD_LIBRARIES = YES;
				BUNDLE_LOADER = "$(TEST_HOST)";
				CODE_SIGN_STYLE = Automatic;
				CURRENT_PROJECT_VERSION = 1;
				GENERATE_INFOPLIST_FILE = YES;
				IPHONEOS_DEPLOYMENT_TARGET = 16.4;
				MACOSX_DEPLOYMENT_TARGET = 13.2;
				MARKETING_VERSION = 1.0;
				PRODUCT_BUNDLE_IDENTIFIER = "com.vladi.Twitter-IOSTests";
				PRODUCT_NAME = "$(TARGET_NAME)";
				SDKROOT = auto;
				SUPPORTED_PLATFORMS = "iphoneos iphonesimulator macosx";
				SWIFT_EMIT_LOC_STRINGS = NO;
				SWIFT_VERSION = 5.0;
				TARGETED_DEVICE_FAMILY = "1,2";
				TEST_HOST = "$(BUILT_PRODUCTS_DIR)/Twitter_IOS.app/$(BUNDLE_EXECUTABLE_FOLDER_PATH)/Twitter_IOS";
			};
			name = Release;
		};
		C48E73B92A3F2CE5008C26E6 /* Debug */ = {
			isa = XCBuildConfiguration;
			buildSettings = {
				ALWAYS_EMBED_SWIFT_STANDARD_LIBRARIES = YES;
				CODE_SIGN_STYLE = Automatic;
				CURRENT_PROJECT_VERSION = 1;
				GENERATE_INFOPLIST_FILE = YES;
				IPHONEOS_DEPLOYMENT_TARGET = 16.4;
				MACOSX_DEPLOYMENT_TARGET = 13.2;
				MARKETING_VERSION = 1.0;
				PRODUCT_BUNDLE_IDENTIFIER = "com.vladi.Twitter-IOSUITests";
				PRODUCT_NAME = "$(TARGET_NAME)";
				SDKROOT = auto;
				SUPPORTED_PLATFORMS = "iphoneos iphonesimulator macosx";
				SWIFT_EMIT_LOC_STRINGS = NO;
				SWIFT_VERSION = 5.0;
				TARGETED_DEVICE_FAMILY = "1,2";
				TEST_TARGET_NAME = Twitter_IOS;
			};
			name = Debug;
		};
		C48E73BA2A3F2CE5008C26E6 /* Release */ = {
			isa = XCBuildConfiguration;
			buildSettings = {
				ALWAYS_EMBED_SWIFT_STANDARD_LIBRARIES = YES;
				CODE_SIGN_STYLE = Automatic;
				CURRENT_PROJECT_VERSION = 1;
				GENERATE_INFOPLIST_FILE = YES;
				IPHONEOS_DEPLOYMENT_TARGET = 16.4;
				MACOSX_DEPLOYMENT_TARGET = 13.2;
				MARKETING_VERSION = 1.0;
				PRODUCT_BUNDLE_IDENTIFIER = "com.vladi.Twitter-IOSUITests";
				PRODUCT_NAME = "$(TARGET_NAME)";
				SDKROOT = auto;
				SUPPORTED_PLATFORMS = "iphoneos iphonesimulator macosx";
				SWIFT_EMIT_LOC_STRINGS = NO;
				SWIFT_VERSION = 5.0;
				TARGETED_DEVICE_FAMILY = "1,2";
				TEST_TARGET_NAME = Twitter_IOS;
			};
			name = Release;
		};
/* End XCBuildConfiguration section */

/* Begin XCConfigurationList section */
		C48E73882A3F2CE4008C26E6 /* Build configuration list for PBXProject "Twitter_IOS" */ = {
			isa = XCConfigurationList;
			buildConfigurations = (
				C48E73B02A3F2CE5008C26E6 /* Debug */,
				C48E73B12A3F2CE5008C26E6 /* Release */,
			);
			defaultConfigurationIsVisible = 0;
			defaultConfigurationName = Release;
		};
		C48E73B22A3F2CE5008C26E6 /* Build configuration list for PBXNativeTarget "Twitter_IOS" */ = {
			isa = XCConfigurationList;
			buildConfigurations = (
				C48E73B32A3F2CE5008C26E6 /* Debug */,
				C48E73B42A3F2CE5008C26E6 /* Release */,
			);
			defaultConfigurationIsVisible = 0;
			defaultConfigurationName = Release;
		};
		C48E73B52A3F2CE5008C26E6 /* Build configuration list for PBXNativeTarget "Twitter_IOSTests" */ = {
			isa = XCConfigurationList;
			buildConfigurations = (
				C48E73B62A3F2CE5008C26E6 /* Debug */,
				C48E73B72A3F2CE5008C26E6 /* Release */,
			);
			defaultConfigurationIsVisible = 0;
			defaultConfigurationName = Release;
		};
		C48E73B82A3F2CE5008C26E6 /* Build configuration list for PBXNativeTarget "Twitter_IOSUITests" */ = {
			isa = XCConfigurationList;
			buildConfigurations = (
				C48E73B92A3F2CE5008C26E6 /* Debug */,
				C48E73BA2A3F2CE5008C26E6 /* Release */,
			);
			defaultConfigurationIsVisible = 0;
			defaultConfigurationName = Release;
		};
/* End XCConfigurationList section */

/* Begin XCRemoteSwiftPackageReference section */
		C44C3F3F2A434ADB00CFF34D /* XCRemoteSwiftPackageReference "firebase-ios-sdk" */ = {
			isa = XCRemoteSwiftPackageReference;
			repositoryURL = "https://github.com/firebase/firebase-ios-sdk";
			requirement = {
				kind = upToNextMajorVersion;
				minimumVersion = 10.0.0;
			};
		};
		C4F7788A2A51C2DA00E168B1 /* XCRemoteSwiftPackageReference "Kingfisher" */ = {
			isa = XCRemoteSwiftPackageReference;
			repositoryURL = "https://github.com/onevcat/Kingfisher.git";
			requirement = {
				kind = upToNextMajorVersion;
				minimumVersion = 7.0.0;
			};
		};
/* End XCRemoteSwiftPackageReference section */

/* Begin XCSwiftPackageProductDependency section */
		C44C3F402A434ADB00CFF34D /* FirebaseAuth */ = {
			isa = XCSwiftPackageProductDependency;
			package = C44C3F3F2A434ADB00CFF34D /* XCRemoteSwiftPackageReference "firebase-ios-sdk" */;
			productName = FirebaseAuth;
		};
		C44C3F422A434ADB00CFF34D /* FirebaseFirestore */ = {
			isa = XCSwiftPackageProductDependency;
			package = C44C3F3F2A434ADB00CFF34D /* XCRemoteSwiftPackageReference "firebase-ios-sdk" */;
			productName = FirebaseFirestore;
		};
		C44C3F442A434ADB00CFF34D /* FirebaseFirestoreSwift */ = {
			isa = XCSwiftPackageProductDependency;
			package = C44C3F3F2A434ADB00CFF34D /* XCRemoteSwiftPackageReference "firebase-ios-sdk" */;
			productName = FirebaseFirestoreSwift;
		};
		C44C3F462A434ADB00CFF34D /* FirebaseStorage */ = {
			isa = XCSwiftPackageProductDependency;
			package = C44C3F3F2A434ADB00CFF34D /* XCRemoteSwiftPackageReference "firebase-ios-sdk" */;
			productName = FirebaseStorage;
		};
		C4F7788B2A51C2DA00E168B1 /* Kingfisher */ = {
			isa = XCSwiftPackageProductDependency;
			package = C4F7788A2A51C2DA00E168B1 /* XCRemoteSwiftPackageReference "Kingfisher" */;
			productName = Kingfisher;
		};
/* End XCSwiftPackageProductDependency section */
	};
	rootObject = C48E73852A3F2CE4008C26E6 /* Project object */;
}
